
Microsoft Visual Studio Solution File, Format Version 12.00
# Visual Studio Version 17
VisualStudioVersion = 17.13.35825.156
MinimumVisualStudioVersion = 10.0.40219.1
Project("{2150E333-8FDC-42A3-9474-1A3956D46DE8}") = "Services", "Services", "{02EA681E-C7D8-13C7-8484-4AC65E1B71E8}"
EndProject
Project("{2150E333-8FDC-42A3-9474-1A3956D46DE8}") = "Catalog", "Catalog", "{C9E85D73-7577-4194-B5FB-8C20005B0AE1}"
EndProject
Project("{FAE04EC0-301F-11D3-BF4B-00C04F79EFBC}") = "Catalog.API", "Services\Catalog\Catalog.API\Catalog.API.csproj", "{2D2F514E-C423-454D-B046-62962E835E8C}"
EndProject
Project("{2150E333-8FDC-42A3-9474-1A3956D46DE8}") = "BuildingBlocks", "BuildingBlocks", "{1C87ACA7-7C50-451A-A0E4-0437410E3DC1}"
EndProject
Project("{FAE04EC0-301F-11D3-BF4B-00C04F79EFBC}") = "BuildingBlocks", "BuildingBlocks\BuildingBlocks\BuildingBlocks.csproj", "{02F057D7-4995-48F0-8079-338B65819B7A}"
EndProject
Project("{E53339B2-1760-4266-BCC7-CA923CBCF16C}") = "docker-compose", "docker-compose.dcproj", "{81DDED9D-158B-E303-5F62-77A2896D2A5A}"
EndProject
Project("{2150E333-8FDC-42A3-9474-1A3956D46DE8}") = "Basket", "Basket", "{E0941C18-ED5E-4E6A-9E93-C87800C63B2B}"
EndProject
Project("{FAE04EC0-301F-11D3-BF4B-00C04F79EFBC}") = "Basket.API", "Services\Basket\Basket.API\Basket.API.csproj", "{CF43B07F-DC1D-411F-A27F-DF86C3B9E05A}"
EndProject
Global
	GlobalSection(SolutionConfigurationPlatforms) = preSolution
		Debug|Any CPU = Debug|Any CPU
		Release|Any CPU = Release|Any CPU
	EndGlobalSection
	GlobalSection(ProjectConfigurationPlatforms) = postSolution
		{2D2F514E-C423-454D-B046-62962E835E8C}.Debug|Any CPU.ActiveCfg = Debug|Any CPU
		{2D2F514E-C423-454D-B046-62962E835E8C}.Debug|Any CPU.Build.0 = Debug|Any CPU
		{2D2F514E-C423-454D-B046-62962E835E8C}.Release|Any CPU.ActiveCfg = Release|Any CPU
		{2D2F514E-C423-454D-B046-62962E835E8C}.Release|Any CPU.Build.0 = Release|Any CPU
		{02F057D7-4995-48F0-8079-338B65819B7A}.Debug|Any CPU.ActiveCfg = Debug|Any CPU
		{02F057D7-4995-48F0-8079-338B65819B7A}.Debug|Any CPU.Build.0 = Debug|Any CPU
		{02F057D7-4995-48F0-8079-338B65819B7A}.Release|Any CPU.ActiveCfg = Release|Any CPU
		{02F057D7-4995-48F0-8079-338B65819B7A}.Release|Any CPU.Build.0 = Release|Any CPU
		{81DDED9D-158B-E303-5F62-77A2896D2A5A}.Debug|Any CPU.ActiveCfg = Debug|Any CPU
		{81DDED9D-158B-E303-5F62-77A2896D2A5A}.Debug|Any CPU.Build.0 = Debug|Any CPU
		{81DDED9D-158B-E303-5F62-77A2896D2A5A}.Release|Any CPU.ActiveCfg = Release|Any CPU
		{81DDED9D-158B-E303-5F62-77A2896D2A5A}.Release|Any CPU.Build.0 = Release|Any CPU
		{CF43B07F-DC1D-411F-A27F-DF86C3B9E05A}.Debug|Any CPU.ActiveCfg = Debug|Any CPU
		{CF43B07F-DC1D-411F-A27F-DF86C3B9E05A}.Debug|Any CPU.Build.0 = Debug|Any CPU
		{CF43B07F-DC1D-411F-A27F-DF86C3B9E05A}.Release|Any CPU.ActiveCfg = Release|Any CPU
		{CF43B07F-DC1D-411F-A27F-DF86C3B9E05A}.Release|Any CPU.Build.0 = Release|Any CPU
	EndGlobalSection
	GlobalSection(SolutionProperties) = preSolution
		HideSolutionNode = FALSE
	EndGlobalSection
	GlobalSection(NestedProjects) = preSolution
		{C9E85D73-7577-4194-B5FB-8C20005B0AE1} = {02EA681E-C7D8-13C7-8484-4AC65E1B71E8}
		{2D2F514E-C423-454D-B046-62962E835E8C} = {C9E85D73-7577-4194-B5FB-8C20005B0AE1}
		{02F057D7-4995-48F0-8079-338B65819B7A} = {1C87ACA7-7C50-451A-A0E4-0437410E3DC1}
		{E0941C18-ED5E-4E6A-9E93-C87800C63B2B} = {02EA681E-C7D8-13C7-8484-4AC65E1B71E8}
		{CF43B07F-DC1D-411F-A27F-DF86C3B9E05A} = {E0941C18-ED5E-4E6A-9E93-C87800C63B2B}
	EndGlobalSection
	GlobalSection(ExtensibilityGlobals) = postSolution
		SolutionGuid = {BA550314-C862-4438-AE0B-95EE81A240F6}
	EndGlobalSection
EndGlobal
